
Microsoft Visual Studio Solution File, Format Version 12.00
# Visual Studio 15
VisualStudioVersion = 15.0.26124.0
MinimumVisualStudioVersion = 15.0.26124.0
Project("{2150E333-8FDC-42A3-9474-1A3956D46DE8}") = "src", "src", "{8095112A-1962-41D7-B7C2-BDD33EFAC9EA}"
EndProject
Project("{FAE04EC0-301F-11D3-BF4B-00C04F79EFBC}") = "SpeedtestRunner", "src\SpeedtestRunner\SpeedtestRunner.csproj", "{3D6B1E71-74C4-4DAD-9BA4-BB1B05899A9F}"
EndProject
Project("{2150E333-8FDC-42A3-9474-1A3956D46DE8}") = "ext", "ext", "{D3715F01-145D-44BF-8465-B8086EB05C76}"
EndProject
Project("{2150E333-8FDC-42A3-9474-1A3956D46DE8}") = "SpeedTest.Net", "SpeedTest.Net", "{4ADC4001-78C1-4140-88FA-775E93D3A7A0}"
EndProject
Project("{FAE04EC0-301F-11D3-BF4B-00C04F79EFBC}") = "SpeedTest", "ext\SpeedTest.Net\SpeedTest\SpeedTest.csproj", "{FD8A28B1-300D-4707-9F86-94FD3D8DE04D}"
EndProject
Global
	GlobalSection(SolutionConfigurationPlatforms) = preSolution
		Debug|Any CPU = Debug|Any CPU
		Debug|x64 = Debug|x64
		Debug|x86 = Debug|x86
		Release|Any CPU = Release|Any CPU
		Release|x64 = Release|x64
		Release|x86 = Release|x86
	EndGlobalSection
	GlobalSection(SolutionProperties) = preSolution
		HideSolutionNode = FALSE
	EndGlobalSection
	GlobalSection(ProjectConfigurationPlatforms) = postSolution
		{3D6B1E71-74C4-4DAD-9BA4-BB1B05899A9F}.Debug|Any CPU.ActiveCfg = Debug|Any CPU
		{3D6B1E71-74C4-4DAD-9BA4-BB1B05899A9F}.Debug|Any CPU.Build.0 = Debug|Any CPU
		{3D6B1E71-74C4-4DAD-9BA4-BB1B05899A9F}.Debug|x64.ActiveCfg = Debug|Any CPU
		{3D6B1E71-74C4-4DAD-9BA4-BB1B05899A9F}.Debug|x64.Build.0 = Debug|Any CPU
		{3D6B1E71-74C4-4DAD-9BA4-BB1B05899A9F}.Debug|x86.ActiveCfg = Debug|Any CPU
		{3D6B1E71-74C4-4DAD-9BA4-BB1B05899A9F}.Debug|x86.Build.0 = Debug|Any CPU
		{3D6B1E71-74C4-4DAD-9BA4-BB1B05899A9F}.Release|Any CPU.ActiveCfg = Release|Any CPU
		{3D6B1E71-74C4-4DAD-9BA4-BB1B05899A9F}.Release|Any CPU.Build.0 = Release|Any CPU
		{3D6B1E71-74C4-4DAD-9BA4-BB1B05899A9F}.Release|x64.ActiveCfg = Release|Any CPU
		{3D6B1E71-74C4-4DAD-9BA4-BB1B05899A9F}.Release|x64.Build.0 = Release|Any CPU
		{3D6B1E71-74C4-4DAD-9BA4-BB1B05899A9F}.Release|x86.ActiveCfg = Release|Any CPU
		{3D6B1E71-74C4-4DAD-9BA4-BB1B05899A9F}.Release|x86.Build.0 = Release|Any CPU
		{FD8A28B1-300D-4707-9F86-94FD3D8DE04D}.Debug|Any CPU.ActiveCfg = Debug|Any CPU
		{FD8A28B1-300D-4707-9F86-94FD3D8DE04D}.Debug|Any CPU.Build.0 = Debug|Any CPU
		{FD8A28B1-300D-4707-9F86-94FD3D8DE04D}.Debug|x64.ActiveCfg = Debug|Any CPU
		{FD8A28B1-300D-4707-9F86-94FD3D8DE04D}.Debug|x64.Build.0 = Debug|Any CPU
		{FD8A28B1-300D-4707-9F86-94FD3D8DE04D}.Debug|x86.ActiveCfg = Debug|Any CPU
		{FD8A28B1-300D-4707-9F86-94FD3D8DE04D}.Debug|x86.Build.0 = Debug|Any CPU
		{FD8A28B1-300D-4707-9F86-94FD3D8DE04D}.Release|Any CPU.ActiveCfg = Release|Any CPU
		{FD8A28B1-300D-4707-9F86-94FD3D8DE04D}.Release|Any CPU.Build.0 = Release|Any CPU
		{FD8A28B1-300D-4707-9F86-94FD3D8DE04D}.Release|x64.ActiveCfg = Release|Any CPU
		{FD8A28B1-300D-4707-9F86-94FD3D8DE04D}.Release|x64.Build.0 = Release|Any CPU
		{FD8A28B1-300D-4707-9F86-94FD3D8DE04D}.Release|x86.ActiveCfg = Release|Any CPU
		{FD8A28B1-300D-4707-9F86-94FD3D8DE04D}.Release|x86.Build.0 = Release|Any CPU
	EndGlobalSection
	GlobalSection(NestedProjects) = preSolution
		{3D6B1E71-74C4-4DAD-9BA4-BB1B05899A9F} = {8095112A-1962-41D7-B7C2-BDD33EFAC9EA}
		{4ADC4001-78C1-4140-88FA-775E93D3A7A0} = {D3715F01-145D-44BF-8465-B8086EB05C76}
		{FD8A28B1-300D-4707-9F86-94FD3D8DE04D} = {4ADC4001-78C1-4140-88FA-775E93D3A7A0}
	EndGlobalSection
EndGlobal
